// !$*UTF8*$!
{
	archiveVersion = 1;
	classes = {
	};
	objectVersion = 51;
	objects = {

/* Begin PBXBuildFile section */
		392A84D9703CA69503FED778 /* Pods_SideDishWithRxTests.framework in Frameworks */ = {isa = PBXBuildFile; fileRef = 7E28F760F5C99D84727D66C6 /* Pods_SideDishWithRxTests.framework */; };
		8B1DCF0A54D093F493C21E73 /* Pods_SideDishWithRx_SideDishWithRxUITests.framework in Frameworks */ = {isa = PBXBuildFile; fileRef = 83FFC41B317D8774D9A18193 /* Pods_SideDishWithRx_SideDishWithRxUITests.framework */; };
		93AA2D9C618B9CA88674A657 /* Pods_SideDishWithRx.framework in Frameworks */ = {isa = PBXBuildFile; fileRef = F9C260B82F925C7837C943FD /* Pods_SideDishWithRx.framework */; };
		B3658C5526B1338000B64504 /* DetailViewController.swift in Sources */ = {isa = PBXBuildFile; fileRef = B3658C5426B1338000B64504 /* DetailViewController.swift */; };
		B3658C5826B1362100B64504 /* MainViewModel.swift in Sources */ = {isa = PBXBuildFile; fileRef = B3658C5726B1362100B64504 /* MainViewModel.swift */; };
		B3658C5A26B1362800B64504 /* DetailViewModel.swift in Sources */ = {isa = PBXBuildFile; fileRef = B3658C5926B1362800B64504 /* DetailViewModel.swift */; };
		B3658C5C26B1368C00B64504 /* ViewModelBindableType.swift in Sources */ = {isa = PBXBuildFile; fileRef = B3658C5B26B1368C00B64504 /* ViewModelBindableType.swift */; };
		B3708BF726AE85AA0077CBE3 /* AppDelegate.swift in Sources */ = {isa = PBXBuildFile; fileRef = B3708BF626AE85AA0077CBE3 /* AppDelegate.swift */; };
		B3708BF926AE85AA0077CBE3 /* SceneDelegate.swift in Sources */ = {isa = PBXBuildFile; fileRef = B3708BF826AE85AA0077CBE3 /* SceneDelegate.swift */; };
		B3708BFB26AE85AA0077CBE3 /* MainViewController.swift in Sources */ = {isa = PBXBuildFile; fileRef = B3708BFA26AE85AA0077CBE3 /* MainViewController.swift */; };
		B3708C0026AE85AC0077CBE3 /* Assets.xcassets in Resources */ = {isa = PBXBuildFile; fileRef = B3708BFF26AE85AC0077CBE3 /* Assets.xcassets */; };
		B3708C0326AE85AC0077CBE3 /* LaunchScreen.storyboard in Resources */ = {isa = PBXBuildFile; fileRef = B3708C0126AE85AC0077CBE3 /* LaunchScreen.storyboard */; };
		B3708C0E26AE85AC0077CBE3 /* SideDishWithRxTests.swift in Sources */ = {isa = PBXBuildFile; fileRef = B3708C0D26AE85AC0077CBE3 /* SideDishWithRxTests.swift */; };
		B3708C1926AE85AC0077CBE3 /* SideDishWithRxUITests.swift in Sources */ = {isa = PBXBuildFile; fileRef = B3708C1826AE85AC0077CBE3 /* SideDishWithRxUITests.swift */; };
/* End PBXBuildFile section */

/* Begin PBXContainerItemProxy section */
		B3708C0A26AE85AC0077CBE3 /* PBXContainerItemProxy */ = {
			isa = PBXContainerItemProxy;
			containerPortal = B3708BEB26AE85AA0077CBE3 /* Project object */;
			proxyType = 1;
			remoteGlobalIDString = B3708BF226AE85AA0077CBE3;
			remoteInfo = SideDishWithRx;
		};
		B3708C1526AE85AC0077CBE3 /* PBXContainerItemProxy */ = {
			isa = PBXContainerItemProxy;
			containerPortal = B3708BEB26AE85AA0077CBE3 /* Project object */;
			proxyType = 1;
			remoteGlobalIDString = B3708BF226AE85AA0077CBE3;
			remoteInfo = SideDishWithRx;
		};
/* End PBXContainerItemProxy section */

/* Begin PBXFileReference section */
		188B9AF3392894F840BDAA88 /* Pods-SideDishWithRxTests.debug.xcconfig */ = {isa = PBXFileReference; includeInIndex = 1; lastKnownFileType = text.xcconfig; name = "Pods-SideDishWithRxTests.debug.xcconfig"; path = "Target Support Files/Pods-SideDishWithRxTests/Pods-SideDishWithRxTests.debug.xcconfig"; sourceTree = "<group>"; };
		19882F15EBB9AA6769050E48 /* Pods-SideDishWithRx-SideDishWithRxUITests.release.xcconfig */ = {isa = PBXFileReference; includeInIndex = 1; lastKnownFileType = text.xcconfig; name = "Pods-SideDishWithRx-SideDishWithRxUITests.release.xcconfig"; path = "Target Support Files/Pods-SideDishWithRx-SideDishWithRxUITests/Pods-SideDishWithRx-SideDishWithRxUITests.release.xcconfig"; sourceTree = "<group>"; };
		2DCD464F4006F18C3B9E0E92 /* Pods-SideDishWithRx.release.xcconfig */ = {isa = PBXFileReference; includeInIndex = 1; lastKnownFileType = text.xcconfig; name = "Pods-SideDishWithRx.release.xcconfig"; path = "Target Support Files/Pods-SideDishWithRx/Pods-SideDishWithRx.release.xcconfig"; sourceTree = "<group>"; };
		4F053D371ACC80A7EE848D94 /* Pods-SideDishWithRx-SideDishWithRxUITests.debug.xcconfig */ = {isa = PBXFileReference; includeInIndex = 1; lastKnownFileType = text.xcconfig; name = "Pods-SideDishWithRx-SideDishWithRxUITests.debug.xcconfig"; path = "Target Support Files/Pods-SideDishWithRx-SideDishWithRxUITests/Pods-SideDishWithRx-SideDishWithRxUITests.debug.xcconfig"; sourceTree = "<group>"; };
		7E28F760F5C99D84727D66C6 /* Pods_SideDishWithRxTests.framework */ = {isa = PBXFileReference; explicitFileType = wrapper.framework; includeInIndex = 0; path = Pods_SideDishWithRxTests.framework; sourceTree = BUILT_PRODUCTS_DIR; };
		83FFC41B317D8774D9A18193 /* Pods_SideDishWithRx_SideDishWithRxUITests.framework */ = {isa = PBXFileReference; explicitFileType = wrapper.framework; includeInIndex = 0; path = Pods_SideDishWithRx_SideDishWithRxUITests.framework; sourceTree = BUILT_PRODUCTS_DIR; };
		9A18A5D228069E4D3CE075F4 /* Pods-SideDishWithRxTests.release.xcconfig */ = {isa = PBXFileReference; includeInIndex = 1; lastKnownFileType = text.xcconfig; name = "Pods-SideDishWithRxTests.release.xcconfig"; path = "Target Support Files/Pods-SideDishWithRxTests/Pods-SideDishWithRxTests.release.xcconfig"; sourceTree = "<group>"; };
		B3658C5426B1338000B64504 /* DetailViewController.swift */ = {isa = PBXFileReference; lastKnownFileType = sourcecode.swift; path = DetailViewController.swift; sourceTree = "<group>"; };
		B3658C5726B1362100B64504 /* MainViewModel.swift */ = {isa = PBXFileReference; lastKnownFileType = sourcecode.swift; path = MainViewModel.swift; sourceTree = "<group>"; };
		B3658C5926B1362800B64504 /* DetailViewModel.swift */ = {isa = PBXFileReference; lastKnownFileType = sourcecode.swift; path = DetailViewModel.swift; sourceTree = "<group>"; };
		B3658C5B26B1368C00B64504 /* ViewModelBindableType.swift */ = {isa = PBXFileReference; lastKnownFileType = sourcecode.swift; path = ViewModelBindableType.swift; sourceTree = "<group>"; };
		B3708BF326AE85AA0077CBE3 /* SideDishWithRx.app */ = {isa = PBXFileReference; explicitFileType = wrapper.application; includeInIndex = 0; path = SideDishWithRx.app; sourceTree = BUILT_PRODUCTS_DIR; };
		B3708BF626AE85AA0077CBE3 /* AppDelegate.swift */ = {isa = PBXFileReference; lastKnownFileType = sourcecode.swift; path = AppDelegate.swift; sourceTree = "<group>"; };
		B3708BF826AE85AA0077CBE3 /* SceneDelegate.swift */ = {isa = PBXFileReference; lastKnownFileType = sourcecode.swift; path = SceneDelegate.swift; sourceTree = "<group>"; };
		B3708BFA26AE85AA0077CBE3 /* MainViewController.swift */ = {isa = PBXFileReference; lastKnownFileType = sourcecode.swift; path = MainViewController.swift; sourceTree = "<group>"; };
		B3708BFF26AE85AC0077CBE3 /* Assets.xcassets */ = {isa = PBXFileReference; lastKnownFileType = folder.assetcatalog; path = Assets.xcassets; sourceTree = "<group>"; };
		B3708C0226AE85AC0077CBE3 /* Base */ = {isa = PBXFileReference; lastKnownFileType = file.storyboard; name = Base; path = Base.lproj/LaunchScreen.storyboard; sourceTree = "<group>"; };
		B3708C0426AE85AC0077CBE3 /* Info.plist */ = {isa = PBXFileReference; lastKnownFileType = text.plist.xml; path = Info.plist; sourceTree = "<group>"; };
		B3708C0926AE85AC0077CBE3 /* SideDishWithRxTests.xctest */ = {isa = PBXFileReference; explicitFileType = wrapper.cfbundle; includeInIndex = 0; path = SideDishWithRxTests.xctest; sourceTree = BUILT_PRODUCTS_DIR; };
		B3708C0D26AE85AC0077CBE3 /* SideDishWithRxTests.swift */ = {isa = PBXFileReference; lastKnownFileType = sourcecode.swift; path = SideDishWithRxTests.swift; sourceTree = "<group>"; };
		B3708C0F26AE85AC0077CBE3 /* Info.plist */ = {isa = PBXFileReference; lastKnownFileType = text.plist.xml; path = Info.plist; sourceTree = "<group>"; };
		B3708C1426AE85AC0077CBE3 /* SideDishWithRxUITests.xctest */ = {isa = PBXFileReference; explicitFileType = wrapper.cfbundle; includeInIndex = 0; path = SideDishWithRxUITests.xctest; sourceTree = BUILT_PRODUCTS_DIR; };
		B3708C1826AE85AC0077CBE3 /* SideDishWithRxUITests.swift */ = {isa = PBXFileReference; lastKnownFileType = sourcecode.swift; path = SideDishWithRxUITests.swift; sourceTree = "<group>"; };
		B3708C1A26AE85AC0077CBE3 /* Info.plist */ = {isa = PBXFileReference; lastKnownFileType = text.plist.xml; path = Info.plist; sourceTree = "<group>"; };
		EE52B7E9426517A8E0838CCF /* Pods-SideDishWithRx.debug.xcconfig */ = {isa = PBXFileReference; includeInIndex = 1; lastKnownFileType = text.xcconfig; name = "Pods-SideDishWithRx.debug.xcconfig"; path = "Target Support Files/Pods-SideDishWithRx/Pods-SideDishWithRx.debug.xcconfig"; sourceTree = "<group>"; };
		F9C260B82F925C7837C943FD /* Pods_SideDishWithRx.framework */ = {isa = PBXFileReference; explicitFileType = wrapper.framework; includeInIndex = 0; path = Pods_SideDishWithRx.framework; sourceTree = BUILT_PRODUCTS_DIR; };
/* End PBXFileReference section */

/* Begin PBXFrameworksBuildPhase section */
		B3708BF026AE85AA0077CBE3 /* Frameworks */ = {
			isa = PBXFrameworksBuildPhase;
			buildActionMask = 2147483647;
			files = (
				93AA2D9C618B9CA88674A657 /* Pods_SideDishWithRx.framework in Frameworks */,
			);
			runOnlyForDeploymentPostprocessing = 0;
		};
		B3708C0626AE85AC0077CBE3 /* Frameworks */ = {
			isa = PBXFrameworksBuildPhase;
			buildActionMask = 2147483647;
			files = (
				392A84D9703CA69503FED778 /* Pods_SideDishWithRxTests.framework in Frameworks */,
			);
			runOnlyForDeploymentPostprocessing = 0;
		};
		B3708C1126AE85AC0077CBE3 /* Frameworks */ = {
			isa = PBXFrameworksBuildPhase;
			buildActionMask = 2147483647;
			files = (
				8B1DCF0A54D093F493C21E73 /* Pods_SideDishWithRx_SideDishWithRxUITests.framework in Frameworks */,
			);
			runOnlyForDeploymentPostprocessing = 0;
		};
/* End PBXFrameworksBuildPhase section */

/* Begin PBXGroup section */
		637B822CE962001E1B86D0E9 /* Frameworks */ = {
			isa = PBXGroup;
			children = (
				F9C260B82F925C7837C943FD /* Pods_SideDishWithRx.framework */,
				83FFC41B317D8774D9A18193 /* Pods_SideDishWithRx_SideDishWithRxUITests.framework */,
				7E28F760F5C99D84727D66C6 /* Pods_SideDishWithRxTests.framework */,
			);
			name = Frameworks;
			sourceTree = "<group>";
		};
		B3658C5326B1333200B64504 /* ViewController */ = {
			isa = PBXGroup;
			children = (
				B3658C5B26B1368C00B64504 /* ViewModelBindableType.swift */,
				B3708BFA26AE85AA0077CBE3 /* MainViewController.swift */,
				B3658C5426B1338000B64504 /* DetailViewController.swift */,
			);
			path = ViewController;
			sourceTree = "<group>";
		};
		B3658C5626B135EE00B64504 /* ViewModel */ = {
			isa = PBXGroup;
			children = (
				B3658C5726B1362100B64504 /* MainViewModel.swift */,
				B3658C5926B1362800B64504 /* DetailViewModel.swift */,
			);
			path = ViewModel;
			sourceTree = "<group>";
		};
		B3708BEA26AE85AA0077CBE3 = {
			isa = PBXGroup;
			children = (
				B3708BF526AE85AA0077CBE3 /* SideDishWithRx */,
				B3708C0C26AE85AC0077CBE3 /* SideDishWithRxTests */,
				B3708C1726AE85AC0077CBE3 /* SideDishWithRxUITests */,
				B3708BF426AE85AA0077CBE3 /* Products */,
				FFEAC69065FB0E89B92FAC97 /* Pods */,
				637B822CE962001E1B86D0E9 /* Frameworks */,
			);
			sourceTree = "<group>";
		};
		B3708BF426AE85AA0077CBE3 /* Products */ = {
			isa = PBXGroup;
			children = (
				B3708BF326AE85AA0077CBE3 /* SideDishWithRx.app */,
				B3708C0926AE85AC0077CBE3 /* SideDishWithRxTests.xctest */,
				B3708C1426AE85AC0077CBE3 /* SideDishWithRxUITests.xctest */,
			);
			name = Products;
			sourceTree = "<group>";
		};
		B3708BF526AE85AA0077CBE3 /* SideDishWithRx */ = {
			isa = PBXGroup;
			children = (
				B3708BF626AE85AA0077CBE3 /* AppDelegate.swift */,
				B3708BF826AE85AA0077CBE3 /* SceneDelegate.swift */,
				B3658C5326B1333200B64504 /* ViewController */,
				B3658C5626B135EE00B64504 /* ViewModel */,
				B3708BFF26AE85AC0077CBE3 /* Assets.xcassets */,
				B3708C0126AE85AC0077CBE3 /* LaunchScreen.storyboard */,
				B3708C0426AE85AC0077CBE3 /* Info.plist */,
			);
			path = SideDishWithRx;
			sourceTree = "<group>";
		};
		B3708C0C26AE85AC0077CBE3 /* SideDishWithRxTests */ = {
			isa = PBXGroup;
			children = (
				B3708C0D26AE85AC0077CBE3 /* SideDishWithRxTests.swift */,
				B3708C0F26AE85AC0077CBE3 /* Info.plist */,
			);
			path = SideDishWithRxTests;
			sourceTree = "<group>";
		};
		B3708C1726AE85AC0077CBE3 /* SideDishWithRxUITests */ = {
			isa = PBXGroup;
			children = (
				B3708C1826AE85AC0077CBE3 /* SideDishWithRxUITests.swift */,
				B3708C1A26AE85AC0077CBE3 /* Info.plist */,
			);
			path = SideDishWithRxUITests;
			sourceTree = "<group>";
		};
		FFEAC69065FB0E89B92FAC97 /* Pods */ = {
			isa = PBXGroup;
			children = (
				EE52B7E9426517A8E0838CCF /* Pods-SideDishWithRx.debug.xcconfig */,
				2DCD464F4006F18C3B9E0E92 /* Pods-SideDishWithRx.release.xcconfig */,
				4F053D371ACC80A7EE848D94 /* Pods-SideDishWithRx-SideDishWithRxUITests.debug.xcconfig */,
				19882F15EBB9AA6769050E48 /* Pods-SideDishWithRx-SideDishWithRxUITests.release.xcconfig */,
				188B9AF3392894F840BDAA88 /* Pods-SideDishWithRxTests.debug.xcconfig */,
				9A18A5D228069E4D3CE075F4 /* Pods-SideDishWithRxTests.release.xcconfig */,
			);
			path = Pods;
			sourceTree = "<group>";
		};
/* End PBXGroup section */

/* Begin PBXNativeTarget section */
		B3708BF226AE85AA0077CBE3 /* SideDishWithRx */ = {
			isa = PBXNativeTarget;
			buildConfigurationList = B3708C1D26AE85AC0077CBE3 /* Build configuration list for PBXNativeTarget "SideDishWithRx" */;
			buildPhases = (
				F934FE1E695F8A5B5605CD6A /* [CP] Check Pods Manifest.lock */,
				B3708BEF26AE85AA0077CBE3 /* Sources */,
				B3708BF026AE85AA0077CBE3 /* Frameworks */,
				B3708BF126AE85AA0077CBE3 /* Resources */,
				77F72FB5176A1A9791E10A67 /* [CP] Embed Pods Frameworks */,
			);
			buildRules = (
			);
			dependencies = (
			);
			name = SideDishWithRx;
			productName = SideDishWithRx;
			productReference = B3708BF326AE85AA0077CBE3 /* SideDishWithRx.app */;
			productType = "com.apple.product-type.application";
		};
		B3708C0826AE85AC0077CBE3 /* SideDishWithRxTests */ = {
			isa = PBXNativeTarget;
			buildConfigurationList = B3708C2026AE85AC0077CBE3 /* Build configuration list for PBXNativeTarget "SideDishWithRxTests" */;
			buildPhases = (
				B4AA533D6322294A7E272287 /* [CP] Check Pods Manifest.lock */,
				B3708C0526AE85AC0077CBE3 /* Sources */,
				B3708C0626AE85AC0077CBE3 /* Frameworks */,
				B3708C0726AE85AC0077CBE3 /* Resources */,
			);
			buildRules = (
			);
			dependencies = (
				B3708C0B26AE85AC0077CBE3 /* PBXTargetDependency */,
			);
			name = SideDishWithRxTests;
			productName = SideDishWithRxTests;
			productReference = B3708C0926AE85AC0077CBE3 /* SideDishWithRxTests.xctest */;
			productType = "com.apple.product-type.bundle.unit-test";
		};
		B3708C1326AE85AC0077CBE3 /* SideDishWithRxUITests */ = {
			isa = PBXNativeTarget;
			buildConfigurationList = B3708C2326AE85AC0077CBE3 /* Build configuration list for PBXNativeTarget "SideDishWithRxUITests" */;
			buildPhases = (
				F842E526DD6A54DE67B608AF /* [CP] Check Pods Manifest.lock */,
				B3708C1026AE85AC0077CBE3 /* Sources */,
				B3708C1126AE85AC0077CBE3 /* Frameworks */,
				B3708C1226AE85AC0077CBE3 /* Resources */,
				F780941BFD13986CAFF7D9F8 /* [CP] Embed Pods Frameworks */,
			);
			buildRules = (
			);
			dependencies = (
				B3708C1626AE85AC0077CBE3 /* PBXTargetDependency */,
			);
			name = SideDishWithRxUITests;
			productName = SideDishWithRxUITests;
			productReference = B3708C1426AE85AC0077CBE3 /* SideDishWithRxUITests.xctest */;
			productType = "com.apple.product-type.bundle.ui-testing";
		};
/* End PBXNativeTarget section */

/* Begin PBXProject section */
		B3708BEB26AE85AA0077CBE3 /* Project object */ = {
			isa = PBXProject;
			attributes = {
				LastSwiftUpdateCheck = 1250;
				LastUpgradeCheck = 1250;
				TargetAttributes = {
					B3708BF226AE85AA0077CBE3 = {
						CreatedOnToolsVersion = 12.5;
					};
					B3708C0826AE85AC0077CBE3 = {
						CreatedOnToolsVersion = 12.5;
						TestTargetID = B3708BF226AE85AA0077CBE3;
					};
					B3708C1326AE85AC0077CBE3 = {
						CreatedOnToolsVersion = 12.5;
						TestTargetID = B3708BF226AE85AA0077CBE3;
					};
				};
			};
			buildConfigurationList = B3708BEE26AE85AA0077CBE3 /* Build configuration list for PBXProject "SideDishWithRx" */;
			compatibilityVersion = "Xcode 9.3";
			developmentRegion = en;
			hasScannedForEncodings = 0;
			knownRegions = (
				en,
				Base,
			);
			mainGroup = B3708BEA26AE85AA0077CBE3;
			productRefGroup = B3708BF426AE85AA0077CBE3 /* Products */;
			projectDirPath = "";
			projectRoot = "";
			targets = (
				B3708BF226AE85AA0077CBE3 /* SideDishWithRx */,
				B3708C0826AE85AC0077CBE3 /* SideDishWithRxTests */,
				B3708C1326AE85AC0077CBE3 /* SideDishWithRxUITests */,
			);
		};
/* End PBXProject section */

/* Begin PBXResourcesBuildPhase section */
		B3708BF126AE85AA0077CBE3 /* Resources */ = {
			isa = PBXResourcesBuildPhase;
			buildActionMask = 2147483647;
			files = (
				B3708C0326AE85AC0077CBE3 /* LaunchScreen.storyboard in Resources */,
				B3708C0026AE85AC0077CBE3 /* Assets.xcassets in Resources */,
			);
			runOnlyForDeploymentPostprocessing = 0;
		};
		B3708C0726AE85AC0077CBE3 /* Resources */ = {
			isa = PBXResourcesBuildPhase;
			buildActionMask = 2147483647;
			files = (
			);
			runOnlyForDeploymentPostprocessing = 0;
		};
		B3708C1226AE85AC0077CBE3 /* Resources */ = {
			isa = PBXResourcesBuildPhase;
			buildActionMask = 2147483647;
			files = (
			);
			runOnlyForDeploymentPostprocessing = 0;
		};
/* End PBXResourcesBuildPhase section */

/* Begin PBXShellScriptBuildPhase section */
		77F72FB5176A1A9791E10A67 /* [CP] Embed Pods Frameworks */ = {
			isa = PBXShellScriptBuildPhase;
			buildActionMask = 2147483647;
			files = (
			);
			inputFileListPaths = (
				"${PODS_ROOT}/Target Support Files/Pods-SideDishWithRx/Pods-SideDishWithRx-frameworks-${CONFIGURATION}-input-files.xcfilelist",
			);
			name = "[CP] Embed Pods Frameworks";
			outputFileListPaths = (
				"${PODS_ROOT}/Target Support Files/Pods-SideDishWithRx/Pods-SideDishWithRx-frameworks-${CONFIGURATION}-output-files.xcfilelist",
			);
			runOnlyForDeploymentPostprocessing = 0;
			shellPath = /bin/sh;
			shellScript = "\"${PODS_ROOT}/Target Support Files/Pods-SideDishWithRx/Pods-SideDishWithRx-frameworks.sh\"\n";
			showEnvVarsInLog = 0;
		};
		B4AA533D6322294A7E272287 /* [CP] Check Pods Manifest.lock */ = {
			isa = PBXShellScriptBuildPhase;
			buildActionMask = 2147483647;
			files = (
			);
			inputFileListPaths = (
			);
			inputPaths = (
				"${PODS_PODFILE_DIR_PATH}/Podfile.lock",
				"${PODS_ROOT}/Manifest.lock",
			);
			name = "[CP] Check Pods Manifest.lock";
			outputFileListPaths = (
			);
			outputPaths = (
				"$(DERIVED_FILE_DIR)/Pods-SideDishWithRxTests-checkManifestLockResult.txt",
			);
			runOnlyForDeploymentPostprocessing = 0;
			shellPath = /bin/sh;
			shellScript = "diff \"${PODS_PODFILE_DIR_PATH}/Podfile.lock\" \"${PODS_ROOT}/Manifest.lock\" > /dev/null\nif [ $? != 0 ] ; then\n    # print error to STDERR\n    echo \"error: The sandbox is not in sync with the Podfile.lock. Run 'pod install' or update your CocoaPods installation.\" >&2\n    exit 1\nfi\n# This output is used by Xcode 'outputs' to avoid re-running this script phase.\necho \"SUCCESS\" > \"${SCRIPT_OUTPUT_FILE_0}\"\n";
			showEnvVarsInLog = 0;
		};
		F780941BFD13986CAFF7D9F8 /* [CP] Embed Pods Frameworks */ = {
			isa = PBXShellScriptBuildPhase;
			buildActionMask = 2147483647;
			files = (
			);
			inputFileListPaths = (
				"${PODS_ROOT}/Target Support Files/Pods-SideDishWithRx-SideDishWithRxUITests/Pods-SideDishWithRx-SideDishWithRxUITests-frameworks-${CONFIGURATION}-input-files.xcfilelist",
			);
			name = "[CP] Embed Pods Frameworks";
			outputFileListPaths = (
				"${PODS_ROOT}/Target Support Files/Pods-SideDishWithRx-SideDishWithRxUITests/Pods-SideDishWithRx-SideDishWithRxUITests-frameworks-${CONFIGURATION}-output-files.xcfilelist",
			);
			runOnlyForDeploymentPostprocessing = 0;
			shellPath = /bin/sh;
			shellScript = "\"${PODS_ROOT}/Target Support Files/Pods-SideDishWithRx-SideDishWithRxUITests/Pods-SideDishWithRx-SideDishWithRxUITests-frameworks.sh\"\n";
			showEnvVarsInLog = 0;
		};
		F842E526DD6A54DE67B608AF /* [CP] Check Pods Manifest.lock */ = {
			isa = PBXShellScriptBuildPhase;
			buildActionMask = 2147483647;
			files = (
			);
			inputFileListPaths = (
			);
			inputPaths = (
				"${PODS_PODFILE_DIR_PATH}/Podfile.lock",
				"${PODS_ROOT}/Manifest.lock",
			);
			name = "[CP] Check Pods Manifest.lock";
			outputFileListPaths = (
			);
			outputPaths = (
				"$(DERIVED_FILE_DIR)/Pods-SideDishWithRx-SideDishWithRxUITests-checkManifestLockResult.txt",
			);
			runOnlyForDeploymentPostprocessing = 0;
			shellPath = /bin/sh;
			shellScript = "diff \"${PODS_PODFILE_DIR_PATH}/Podfile.lock\" \"${PODS_ROOT}/Manifest.lock\" > /dev/null\nif [ $? != 0 ] ; then\n    # print error to STDERR\n    echo \"error: The sandbox is not in sync with the Podfile.lock. Run 'pod install' or update your CocoaPods installation.\" >&2\n    exit 1\nfi\n# This output is used by Xcode 'outputs' to avoid re-running this script phase.\necho \"SUCCESS\" > \"${SCRIPT_OUTPUT_FILE_0}\"\n";
			showEnvVarsInLog = 0;
		};
		F934FE1E695F8A5B5605CD6A /* [CP] Check Pods Manifest.lock */ = {
			isa = PBXShellScriptBuildPhase;
			buildActionMask = 2147483647;
			files = (
			);
			inputFileListPaths = (
			);
			inputPaths = (
				"${PODS_PODFILE_DIR_PATH}/Podfile.lock",
				"${PODS_ROOT}/Manifest.lock",
			);
			name = "[CP] Check Pods Manifest.lock";
			outputFileListPaths = (
			);
			outputPaths = (
				"$(DERIVED_FILE_DIR)/Pods-SideDishWithRx-checkManifestLockResult.txt",
			);
			runOnlyForDeploymentPostprocessing = 0;
			shellPath = /bin/sh;
			shellScript = "diff \"${PODS_PODFILE_DIR_PATH}/Podfile.lock\" \"${PODS_ROOT}/Manifest.lock\" > /dev/null\nif [ $? != 0 ] ; then\n    # print error to STDERR\n    echo \"error: The sandbox is not in sync with the Podfile.lock. Run 'pod install' or update your CocoaPods installation.\" >&2\n    exit 1\nfi\n# This output is used by Xcode 'outputs' to avoid re-running this script phase.\necho \"SUCCESS\" > \"${SCRIPT_OUTPUT_FILE_0}\"\n";
			showEnvVarsInLog = 0;
		};
/* End PBXShellScriptBuildPhase section */

/* Begin PBXSourcesBuildPhase section */
		B3708BEF26AE85AA0077CBE3 /* Sources */ = {
			isa = PBXSourcesBuildPhase;
			buildActionMask = 2147483647;
			files = (
				B3658C5826B1362100B64504 /* MainViewModel.swift in Sources */,
				B3658C5A26B1362800B64504 /* DetailViewModel.swift in Sources */,
				B3658C5C26B1368C00B64504 /* ViewModelBindableType.swift in Sources */,
				B3708BFB26AE85AA0077CBE3 /* MainViewController.swift in Sources */,
				B3708BF726AE85AA0077CBE3 /* AppDelegate.swift in Sources */,
				B3708BF926AE85AA0077CBE3 /* SceneDelegate.swift in Sources */,
				B3658C5526B1338000B64504 /* DetailViewController.swift in Sources */,
			);
			runOnlyForDeploymentPostprocessing = 0;
		};
		B3708C0526AE85AC0077CBE3 /* Sources */ = {
			isa = PBXSourcesBuildPhase;
			buildActionMask = 2147483647;
			files = (
				B3708C0E26AE85AC0077CBE3 /* SideDishWithRxTests.swift in Sources */,
			);
			runOnlyForDeploymentPostprocessing = 0;
		};
		B3708C1026AE85AC0077CBE3 /* Sources */ = {
			isa = PBXSourcesBuildPhase;
			buildActionMask = 2147483647;
			files = (
				B3708C1926AE85AC0077CBE3 /* SideDishWithRxUITests.swift in Sources */,
			);
			runOnlyForDeploymentPostprocessing = 0;
		};
/* End PBXSourcesBuildPhase section */

/* Begin PBXTargetDependency section */
		B3708C0B26AE85AC0077CBE3 /* PBXTargetDependency */ = {
			isa = PBXTargetDependency;
			target = B3708BF226AE85AA0077CBE3 /* SideDishWithRx */;
			targetProxy = B3708C0A26AE85AC0077CBE3 /* PBXContainerItemProxy */;
		};
		B3708C1626AE85AC0077CBE3 /* PBXTargetDependency */ = {
			isa = PBXTargetDependency;
			target = B3708BF226AE85AA0077CBE3 /* SideDishWithRx */;
			targetProxy = B3708C1526AE85AC0077CBE3 /* PBXContainerItemProxy */;
		};
/* End PBXTargetDependency section */

/* Begin PBXVariantGroup section */
		B3708C0126AE85AC0077CBE3 /* LaunchScreen.storyboard */ = {
			isa = PBXVariantGroup;
			children = (
				B3708C0226AE85AC0077CBE3 /* Base */,
			);
			name = LaunchScreen.storyboard;
			sourceTree = "<group>";
		};
/* End PBXVariantGroup section */

/* Begin XCBuildConfiguration section */
		B3708C1B26AE85AC0077CBE3 /* Debug */ = {
			isa = XCBuildConfiguration;
			buildSettings = {
				ALWAYS_SEARCH_USER_PATHS = NO;
				CLANG_ANALYZER_NONNULL = YES;
				CLANG_ANALYZER_NUMBER_OBJECT_CONVERSION = YES_AGGRESSIVE;
				CLANG_CXX_LANGUAGE_STANDARD = "gnu++14";
				CLANG_CXX_LIBRARY = "libc++";
				CLANG_ENABLE_MODULES = YES;
				CLANG_ENABLE_OBJC_ARC = YES;
				CLANG_ENABLE_OBJC_WEAK = YES;
				CLANG_WARN_BLOCK_CAPTURE_AUTORELEASING = YES;
				CLANG_WARN_BOOL_CONVERSION = YES;
				CLANG_WARN_COMMA = YES;
				CLANG_WARN_CONSTANT_CONVERSION = YES;
				CLANG_WARN_DEPRECATED_OBJC_IMPLEMENTATIONS = YES;
				CLANG_WARN_DIRECT_OBJC_ISA_USAGE = YES_ERROR;
				CLANG_WARN_DOCUMENTATION_COMMENTS = YES;
				CLANG_WARN_EMPTY_BODY = YES;
				CLANG_WARN_ENUM_CONVERSION = YES;
				CLANG_WARN_INFINITE_RECURSION = YES;
				CLANG_WARN_INT_CONVERSION = YES;
				CLANG_WARN_NON_LITERAL_NULL_CONVERSION = YES;
				CLANG_WARN_OBJC_IMPLICIT_RETAIN_SELF = YES;
				CLANG_WARN_OBJC_LITERAL_CONVERSION = YES;
				CLANG_WARN_OBJC_ROOT_CLASS = YES_ERROR;
				CLANG_WARN_QUOTED_INCLUDE_IN_FRAMEWORK_HEADER = YES;
				CLANG_WARN_RANGE_LOOP_ANALYSIS = YES;
				CLANG_WARN_STRICT_PROTOTYPES = YES;
				CLANG_WARN_SUSPICIOUS_MOVE = YES;
				CLANG_WARN_UNGUARDED_AVAILABILITY = YES_AGGRESSIVE;
				CLANG_WARN_UNREACHABLE_CODE = YES;
				CLANG_WARN__DUPLICATE_METHOD_MATCH = YES;
				COPY_PHASE_STRIP = NO;
				DEBUG_INFORMATION_FORMAT = dwarf;
				ENABLE_STRICT_OBJC_MSGSEND = YES;
				ENABLE_TESTABILITY = YES;
				GCC_C_LANGUAGE_STANDARD = gnu11;
				GCC_DYNAMIC_NO_PIC = NO;
				GCC_NO_COMMON_BLOCKS = YES;
				GCC_OPTIMIZATION_LEVEL = 0;
				GCC_PREPROCESSOR_DEFINITIONS = (
					"DEBUG=1",
					"$(inherited)",
				);
				GCC_WARN_64_TO_32_BIT_CONVERSION = YES;
				GCC_WARN_ABOUT_RETURN_TYPE = YES_ERROR;
				GCC_WARN_UNDECLARED_SELECTOR = YES;
				GCC_WARN_UNINITIALIZED_AUTOS = YES_AGGRESSIVE;
				GCC_WARN_UNUSED_FUNCTION = YES;
				GCC_WARN_UNUSED_VARIABLE = YES;
				IPHONEOS_DEPLOYMENT_TARGET = 14.5;
				MTL_ENABLE_DEBUG_INFO = INCLUDE_SOURCE;
				MTL_FAST_MATH = YES;
				ONLY_ACTIVE_ARCH = YES;
				SDKROOT = iphoneos;
				SWIFT_ACTIVE_COMPILATION_CONDITIONS = DEBUG;
				SWIFT_OPTIMIZATION_LEVEL = "-Onone";
			};
			name = Debug;
		};
		B3708C1C26AE85AC0077CBE3 /* Release */ = {
			isa = XCBuildConfiguration;
			buildSettings = {
				ALWAYS_SEARCH_USER_PATHS = NO;
				CLANG_ANALYZER_NONNULL = YES;
				CLANG_ANALYZER_NUMBER_OBJECT_CONVERSION = YES_AGGRESSIVE;
				CLANG_CXX_LANGUAGE_STANDARD = "gnu++14";
				CLANG_CXX_LIBRARY = "libc++";
				CLANG_ENABLE_MODULES = YES;
				CLANG_ENABLE_OBJC_ARC = YES;
				CLANG_ENABLE_OBJC_WEAK = YES;
				CLANG_WARN_BLOCK_CAPTURE_AUTORELEASING = YES;
				CLANG_WARN_BOOL_CONVERSION = YES;
				CLANG_WARN_COMMA = YES;
				CLANG_WARN_CONSTANT_CONVERSION = YES;
				CLANG_WARN_DEPRECATED_OBJC_IMPLEMENTATIONS = YES;
				CLANG_WARN_DIRECT_OBJC_ISA_USAGE = YES_ERROR;
				CLANG_WARN_DOCUMENTATION_COMMENTS = YES;
				CLANG_WARN_EMPTY_BODY = YES;
				CLANG_WARN_ENUM_CONVERSION = YES;
				CLANG_WARN_INFINITE_RECURSION = YES;
				CLANG_WARN_INT_CONVERSION = YES;
				CLANG_WARN_NON_LITERAL_NULL_CONVERSION = YES;
				CLANG_WARN_OBJC_IMPLICIT_RETAIN_SELF = YES;
				CLANG_WARN_OBJC_LITERAL_CONVERSION = YES;
				CLANG_WARN_OBJC_ROOT_CLASS = YES_ERROR;
				CLANG_WARN_QUOTED_INCLUDE_IN_FRAMEWORK_HEADER = YES;
				CLANG_WARN_RANGE_LOOP_ANALYSIS = YES;
				CLANG_WARN_STRICT_PROTOTYPES = YES;
				CLANG_WARN_SUSPICIOUS_MOVE = YES;
				CLANG_WARN_UNGUARDED_AVAILABILITY = YES_AGGRESSIVE;
				CLANG_WARN_UNREACHABLE_CODE = YES;
				CLANG_WARN__DUPLICATE_METHOD_MATCH = YES;
				COPY_PHASE_STRIP = NO;
				DEBUG_INFORMATION_FORMAT = "dwarf-with-dsym";
				ENABLE_NS_ASSERTIONS = NO;
				ENABLE_STRICT_OBJC_MSGSEND = YES;
				GCC_C_LANGUAGE_STANDARD = gnu11;
				GCC_NO_COMMON_BLOCKS = YES;
				GCC_WARN_64_TO_32_BIT_CONVERSION = YES;
				GCC_WARN_ABOUT_RETURN_TYPE = YES_ERROR;
				GCC_WARN_UNDECLARED_SELECTOR = YES;
				GCC_WARN_UNINITIALIZED_AUTOS = YES_AGGRESSIVE;
				GCC_WARN_UNUSED_FUNCTION = YES;
				GCC_WARN_UNUSED_VARIABLE = YES;
				IPHONEOS_DEPLOYMENT_TARGET = 14.5;
				MTL_ENABLE_DEBUG_INFO = NO;
				MTL_FAST_MATH = YES;
				SDKROOT = iphoneos;
				SWIFT_COMPILATION_MODE = wholemodule;
				SWIFT_OPTIMIZATION_LEVEL = "-O";
				VALIDATE_PRODUCT = YES;
			};
			name = Release;
		};
		B3708C1E26AE85AC0077CBE3 /* Debug */ = {
			isa = XCBuildConfiguration;
			baseConfigurationReference = EE52B7E9426517A8E0838CCF /* Pods-SideDishWithRx.debug.xcconfig */;
			buildSettings = {
				ASSETCATALOG_COMPILER_APPICON_NAME = AppIcon;
				ASSETCATALOG_COMPILER_GLOBAL_ACCENT_COLOR_NAME = AccentColor;
				CODE_SIGN_STYLE = Automatic;
				DEVELOPMENT_TEAM = YZ4P9NJ888;
				INFOPLIST_FILE = SideDishWithRx/Info.plist;
				LD_RUNPATH_SEARCH_PATHS = (
					"$(inherited)",
					"@executable_path/Frameworks",
				);
				PRODUCT_BUNDLE_IDENTIFIER = zeke.SideDishWithRx;
				PRODUCT_NAME = "$(TARGET_NAME)";
				SWIFT_VERSION = 5.0;
				TARGETED_DEVICE_FAMILY = "1,2";
			};
			name = Debug;
		};
		B3708C1F26AE85AC0077CBE3 /* Release */ = {
			isa = XCBuildConfiguration;
			baseConfigurationReference = 2DCD464F4006F18C3B9E0E92 /* Pods-SideDishWithRx.release.xcconfig */;
			buildSettings = {
				ASSETCATALOG_COMPILER_APPICON_NAME = AppIcon;
				ASSETCATALOG_COMPILER_GLOBAL_ACCENT_COLOR_NAME = AccentColor;
				CODE_SIGN_STYLE = Automatic;
				DEVELOPMENT_TEAM = YZ4P9NJ888;
				INFOPLIST_FILE = SideDishWithRx/Info.plist;
				LD_RUNPATH_SEARCH_PATHS = (
					"$(inherited)",
					"@executable_path/Frameworks",
				);
				PRODUCT_BUNDLE_IDENTIFIER = zeke.SideDishWithRx;
				PRODUCT_NAME = "$(TARGET_NAME)";
				SWIFT_VERSION = 5.0;
				TARGETED_DEVICE_FAMILY = "1,2";
			};
			name = Release;
		};
		B3708C2126AE85AC0077CBE3 /* Debug */ = {
			isa = XCBuildConfiguration;
			baseConfigurationReference = 188B9AF3392894F840BDAA88 /* Pods-SideDishWithRxTests.debug.xcconfig */;
			buildSettings = {
				ALWAYS_EMBED_SWIFT_STANDARD_LIBRARIES = YES;
				BUNDLE_LOADER = "$(TEST_HOST)";
				CODE_SIGN_STYLE = Automatic;
				DEVELOPMENT_TEAM = YZ4P9NJ888;
				INFOPLIST_FILE = SideDishWithRxTests/Info.plist;
				IPHONEOS_DEPLOYMENT_TARGET = 14.5;
				LD_RUNPATH_SEARCH_PATHS = (
					"$(inherited)",
					"@executable_path/Frameworks",
					"@loader_path/Frameworks",
				);
				PRODUCT_BUNDLE_IDENTIFIER = zeke.SideDishWithRxTests;
				PRODUCT_NAME = "$(TARGET_NAME)";
				SWIFT_VERSION = 5.0;
				TARGETED_DEVICE_FAMILY = "1,2";
				TEST_HOST = "$(BUILT_PRODUCTS_DIR)/SideDishWithRx.app/SideDishWithRx";
			};
			name = Debug;
		};
		B3708C2226AE85AC0077CBE3 /* Release */ = {
			isa = XCBuildConfiguration;
			baseConfigurationReference = 9A18A5D228069E4D3CE075F4 /* Pods-SideDishWithRxTests.release.xcconfig */;
			buildSettings = {
				ALWAYS_EMBED_SWIFT_STANDARD_LIBRARIES = YES;
				BUNDLE_LOADER = "$(TEST_HOST)";
				CODE_SIGN_STYLE = Automatic;
				DEVELOPMENT_TEAM = YZ4P9NJ888;
				INFOPLIST_FILE = SideDishWithRxTests/Info.plist;
				IPHONEOS_DEPLOYMENT_TARGET = 14.5;
				LD_RUNPATH_SEARCH_PATHS = (
					"$(inherited)",
					"@executable_path/Frameworks",
					"@loader_path/Frameworks",
				);
				PRODUCT_BUNDLE_IDENTIFIER = zeke.SideDishWithRxTests;
				PRODUCT_NAME = "$(TARGET_NAME)";
				SWIFT_VERSION = 5.0;
				TARGETED_DEVICE_FAMILY = "1,2";
				TEST_HOST = "$(BUILT_PRODUCTS_DIR)/SideDishWithRx.app/SideDishWithRx";
			};
			name = Release;
		};
		B3708C2426AE85AC0077CBE3 /* Debug */ = {
			isa = XCBuildConfiguration;
			baseConfigurationReference = 4F053D371ACC80A7EE848D94 /* Pods-SideDishWithRx-SideDishWithRxUITests.debug.xcconfig */;
			buildSettings = {
				ALWAYS_EMBED_SWIFT_STANDARD_LIBRARIES = YES;
				CODE_SIGN_STYLE = Automatic;
				DEVELOPMENT_TEAM = YZ4P9NJ888;
				INFOPLIST_FILE = SideDishWithRxUITests/Info.plist;
				LD_RUNPATH_SEARCH_PATHS = (
					"$(inherited)",
					"@executable_path/Frameworks",
					"@loader_path/Frameworks",
				);
				PRODUCT_BUNDLE_IDENTIFIER = zeke.SideDishWithRxUITests;
				PRODUCT_NAME = "$(TARGET_NAME)";
				SWIFT_VERSION = 5.0;
				TARGETED_DEVICE_FAMILY = "1,2";
				TEST_TARGET_NAME = SideDishWithRx;
			};
			name = Debug;
		};
		B3708C2526AE85AC0077CBE3 /* Release */ = {
			isa = XCBuildConfiguration;
			baseConfigurationReference = 19882F15EBB9AA6769050E48 /* Pods-SideDishWithRx-SideDishWithRxUITests.release.xcconfig */;
			buildSettings = {
				ALWAYS_EMBED_SWIFT_STANDARD_LIBRARIES = YES;
				CODE_SIGN_STYLE = Automatic;
				DEVELOPMENT_TEAM = YZ4P9NJ888;
				INFOPLIST_FILE = SideDishWithRxUITests/Info.plist;
				LD_RUNPATH_SEARCH_PATHS = (
					"$(inherited)",
					"@executable_path/Frameworks",
					"@loader_path/Frameworks",
				);
				PRODUCT_BUNDLE_IDENTIFIER = zeke.SideDishWithRxUITests;
				PRODUCT_NAME = "$(TARGET_NAME)";
				SWIFT_VERSION = 5.0;
				TARGETED_DEVICE_FAMILY = "1,2";
				TEST_TARGET_NAME = SideDishWithRx;
			};
			name = Release;
		};
/* End XCBuildConfiguration section */

/* Begin XCConfigurationList section */
		B3708BEE26AE85AA0077CBE3 /* Build configuration list for PBXProject "SideDishWithRx" */ = {
			isa = XCConfigurationList;
			buildConfigurations = (
				B3708C1B26AE85AC0077CBE3 /* Debug */,
				B3708C1C26AE85AC0077CBE3 /* Release */,
			);
			defaultConfigurationIsVisible = 0;
			defaultConfigurationName = Release;
		};
		B3708C1D26AE85AC0077CBE3 /* Build configuration list for PBXNativeTarget "SideDishWithRx" */ = {
			isa = XCConfigurationList;
			buildConfigurations = (
				B3708C1E26AE85AC0077CBE3 /* Debug */,
				B3708C1F26AE85AC0077CBE3 /* Release */,
			);
			defaultConfigurationIsVisible = 0;
			defaultConfigurationName = Release;
		};
		B3708C2026AE85AC0077CBE3 /* Build configuration list for PBXNativeTarget "SideDishWithRxTests" */ = {
			isa = XCConfigurationList;
			buildConfigurations = (
				B3708C2126AE85AC0077CBE3 /* Debug */,
				B3708C2226AE85AC0077CBE3 /* Release */,
			);
			defaultConfigurationIsVisible = 0;
			defaultConfigurationName = Release;
		};
		B3708C2326AE85AC0077CBE3 /* Build configuration list for PBXNativeTarget "SideDishWithRxUITests" */ = {
			isa = XCConfigurationList;
			buildConfigurations = (
				B3708C2426AE85AC0077CBE3 /* Debug */,
				B3708C2526AE85AC0077CBE3 /* Release */,
			);
			defaultConfigurationIsVisible = 0;
			defaultConfigurationName = Release;
		};
/* End XCConfigurationList section */
	};
	rootObject = B3708BEB26AE85AA0077CBE3 /* Project object */;
}
